github.com/kamalshkeir/kmap v1.1.8 h1:lZqyL9f717ZzBkkI74bNuCjfnWdCLbFZmakzLBQG3A4=
github.com/kamalshkeir/kmap v1.1.8/go.mod h1:SLSllMqrhSTJtgYd14nXeFZ/shp9AY4t20YGCtlcziI=
github.com/kamalshkeir/kstrct v1.9.22 h1:WaUdUW9XzZ2MKwZAxRite4bwvfhLLp7h8L9RABfNHCY=
github.com/kamalshkeir/kstrct v1.9.22/go.mod h1:QdCq0t1MZsJb75R1cSxKqyVa6LCGCiQpS+kG8S0pPC8=
github.com/kamalshkeir/lg v0.1.4 h1:HIL4ry0EMEYTyzX7lPPm2FZcEBBIf7Y2q6IiAL4T7qA=
github.com/kamalshkeir/lg v0.1.4/go.mod h1:Ub/kxOdgleTDhDBXtFXXxO/XOHR/zt+6pvTIJNtuhew=
golang.org/x/crypto v0.46.0 h1:cKRW/pmt1pKAfetfu+RCEvjvZkA9RimPbh7bhFjGVBU=
golang.org/x/crypto v0.46.0/go.mod h1:Evb/oLKmMraqjZ2iQTwDwvCtJkczlDuTmdJXoZVzqU0=
golang.org/x/net v0.48.0 h1:zyQRTTrjc33Lhh0fBgT/H3oZq9WuvRR5gPC70xpDiQU=
golang.org/x/net v0.48.0/go.mod h1:+ndRgGjkh8FGtu1w1FGbEC31if4VrNVMuKTgcAAnQRY=
golang.org/x/text v0.33.0 h1:B3njUFyqtHDUI5jMn1YIr5B0IE2U0qck04r6d4KPAxE=
golang.org/x/text v0.33.0/go.mod h1:LuMebE6+rBincTi9+xWTY8TztLzKHc/9C1uBCG27+q8=
golang.org/x/time v0.14.0 h1:MRx4UaLrDotUKUdCIqzPC48t1Y9hANFKIRpNx+Te8PI=
golang.org/x/time v0.14.0/go.mod h1:eL/Oa2bBBK0TkX57Fyni+NgnyQQN4LitPmob2Hjnqw4=
