github.com/kamalshkeir/kmap v1.1.8 h1:lZqyL9f717ZzBkkI74bNuCjfnWdCLbFZmakzLBQG3A4=
github.com/kamalshkeir/kmap v1.1.8/go.mod h1:SLSllMqrhSTJtgYd14nXeFZ/shp9AY4t20YGCtlcziI=
github.com/kamalshkeir/kstrct v1.9.23 h1:jHaqeaB7jwdKPHlxKlQ4bDqbMDI52z1qF+BHfDoP/fs=
github.com/kamalshkeir/kstrct v1.9.23/go.mod h1:QdCq0t1MZsJb75R1cSxKqyVa6LCGCiQpS+kG8S0pPC8=
github.com/kamalshkeir/lg v0.1.4 h1:HIL4ry0EMEYTyzX7lPPm2FZcEBBIf7Y2q6IiAL4T7qA=
github.com/kamalshkeir/lg v0.1.4/go.mod h1:Ub/kxOdgleTDhDBXtFXXxO/XOHR/zt+6pvTIJNtuhew=
golang.org/x/crypto v0.47.0 h1:V6e3FRj+n4dbpw86FJ8Fv7XVOql7TEwpHapKoMJ/GO8=
golang.org/x/crypto v0.47.0/go.mod h1:ff3Y9VzzKbwSSEzWqJsJVBnWmRwRSHt/6Op5n9bQc4A=
golang.org/x/net v0.49.0 h1:eeHFmOGUTtaaPSGNmjBKpbng9MulQsJURQUAfUwY++o=
golang.org/x/net v0.49.0/go.mod h1:/ysNB2EvaqvesRkuLAyjI1ycPZlQHM3q01F02UY/MV8=
golang.org/x/text v0.33.0 h1:B3njUFyqtHDUI5jMn1YIr5B0IE2U0qck04r6d4KPAxE=
golang.org/x/text v0.33.0/go.mod h1:LuMebE6+rBincTi9+xWTY8TztLzKHc/9C1uBCG27+q8=
golang.org/x/time v0.14.0 h1:MRx4UaLrDotUKUdCIqzPC48t1Y9hANFKIRpNx+Te8PI=
golang.org/x/time v0.14.0/go.mod h1:eL/Oa2bBBK0TkX57Fyni+NgnyQQN4LitPmob2Hjnqw4=
